
Microsoft Visual Studio Solution File, Format Version 12.00
# Visual Studio Version 17
VisualStudioVersion = 17.6.33829.357
MinimumVisualStudioVersion = 10.0.40219.1
Project("{2150E333-8FDC-42A3-9474-1A3956D46DE8}") = "build", "build", "{5348502E-8B8A-48FB-B735-251DF050C742}"
	ProjectSection(SolutionItems) = preProject
		build\props\Package.props = build\props\Package.props
		build\props\PackageLicense.props = build\props\PackageLicense.props
		build\props\Test.props = build\props\Test.props
	EndProjectSection
EndProject
Project("{2150E333-8FDC-42A3-9474-1A3956D46DE8}") = "src", "src", "{4C83B255-59A1-4BC5-8C40-E79CD843F38B}"
EndProject
Project("{2150E333-8FDC-42A3-9474-1A3956D46DE8}") = "test", "test", "{57ADE862-CE1D-4973-A0D1-B362E1CAB5A2}"
EndProject
Project("{9A19103F-16F7-4668-BE54-9A1E7A4F7556}") = "OneImlx.Licensing", "src\OneImlx.Licensing\OneImlx.Licensing.csproj", "{6AC84829-8698-4280-97BC-5122A9066A20}"
EndProject
Project("{9A19103F-16F7-4668-BE54-9A1E7A4F7556}") = "OneImlx.Licensing.Tests", "test\OneImlx.Licensing.Tests\OneImlx.Licensing.Tests.csproj", "{E4451FC7-A241-405C-ABE4-D8BC0B47DD9F}"
EndProject
Project("{9A19103F-16F7-4668-BE54-9A1E7A4F7556}") = "OneImlx.Abstractions", "src\OneImlx\OneImlx.Abstractions.csproj", "{EB6B1503-C431-44A0-A923-D75575635A44}"
EndProject
Project("{9A19103F-16F7-4668-BE54-9A1E7A4F7556}") = "OneImlx.Abstractions.Tests", "test\OneImlx.Tests\OneImlx.Abstractions.Tests.csproj", "{EC8497C0-A74B-447D-BE64-00106AAF9DB6}"
EndProject
Project("{9A19103F-16F7-4668-BE54-9A1E7A4F7556}") = "OneImlx.Iam", "src\OneImlx.Iam\OneImlx.Iam.csproj", "{903BC940-4C66-443A-BA21-D94AA794EA94}"
EndProject
Project("{9A19103F-16F7-4668-BE54-9A1E7A4F7556}") = "OneImlx.Iam.Tests", "test\OneImlx.Iam.Tests\OneImlx.Iam.Tests.csproj", "{327AC371-1641-464B-81FC-63D001378B0F}"
EndProject
Project("{2150E333-8FDC-42A3-9474-1A3956D46DE8}") = "docs", "docs", "{CA82F789-3735-4292-8563-6A2B052879F2}"
	ProjectSection(SolutionItems) = preProject
		docs\iam.md = docs\iam.md
		docs\licensing.md = docs\licensing.md
		docs\oneimlx.md = docs\oneimlx.md
	EndProjectSection
EndProject
Project("{9A19103F-16F7-4668-BE54-9A1E7A4F7556}") = "OneImlx.Network", "src\OneImlx.Network\OneImlx.Network.csproj", "{0AB2BFA0-C2BA-4C74-B21B-52F875EC6C2D}"
EndProject
Project("{9A19103F-16F7-4668-BE54-9A1E7A4F7556}") = "OneImlx.Network.Tests", "test\OneImlx.Network.Tests\OneImlx.Network.Tests.csproj", "{349DB040-DA5C-4D01-A4A3-73A027796694}"
EndProject
Project("{9A19103F-16F7-4668-BE54-9A1E7A4F7556}") = "OneImlx.Drivers", "src\OneImlx.Drivers\OneImlx.Drivers.csproj", "{18B1907E-BCFA-4E55-A445-50296DB7B56E}"
EndProject
Project("{9A19103F-16F7-4668-BE54-9A1E7A4F7556}") = "OneImlx.Drivers.Tests", "test\OneImlx.Drivers.Tests\OneImlx.Drivers.Tests.csproj", "{344BBA86-D3ED-4DB4-A507-45D461D229AC}"
EndProject
Project("{FAE04EC0-301F-11D3-BF4B-00C04F79EFBC}") = "OneImlx.Rbe", "src\OneImlx.Rbe\OneImlx.Rbe.csproj", "{830DD817-2B22-4FB7-A8A0-7A9289B6F3B5}"
EndProject
Project("{FAE04EC0-301F-11D3-BF4B-00C04F79EFBC}") = "OneImlx.Rbe.Tests", "test\OneImlx.Rbe.Tests\OneImlx.Rbe.Tests.csproj", "{8B7B587D-AF0B-4CE2-93E8-B85355DAC015}"
EndProject
Global
	GlobalSection(SolutionConfigurationPlatforms) = preSolution
		Debug|Any CPU = Debug|Any CPU
		Release|Any CPU = Release|Any CPU
	EndGlobalSection
	GlobalSection(ProjectConfigurationPlatforms) = postSolution
		{6AC84829-8698-4280-97BC-5122A9066A20}.Debug|Any CPU.ActiveCfg = Debug|Any CPU
		{6AC84829-8698-4280-97BC-5122A9066A20}.Debug|Any CPU.Build.0 = Debug|Any CPU
		{6AC84829-8698-4280-97BC-5122A9066A20}.Release|Any CPU.ActiveCfg = Release|Any CPU
		{6AC84829-8698-4280-97BC-5122A9066A20}.Release|Any CPU.Build.0 = Release|Any CPU
		{E4451FC7-A241-405C-ABE4-D8BC0B47DD9F}.Debug|Any CPU.ActiveCfg = Debug|Any CPU
		{E4451FC7-A241-405C-ABE4-D8BC0B47DD9F}.Debug|Any CPU.Build.0 = Debug|Any CPU
		{E4451FC7-A241-405C-ABE4-D8BC0B47DD9F}.Release|Any CPU.ActiveCfg = Release|Any CPU
		{E4451FC7-A241-405C-ABE4-D8BC0B47DD9F}.Release|Any CPU.Build.0 = Release|Any CPU
		{EB6B1503-C431-44A0-A923-D75575635A44}.Debug|Any CPU.ActiveCfg = Debug|Any CPU
		{EB6B1503-C431-44A0-A923-D75575635A44}.Debug|Any CPU.Build.0 = Debug|Any CPU
		{EB6B1503-C431-44A0-A923-D75575635A44}.Release|Any CPU.ActiveCfg = Release|Any CPU
		{EB6B1503-C431-44A0-A923-D75575635A44}.Release|Any CPU.Build.0 = Release|Any CPU
		{EC8497C0-A74B-447D-BE64-00106AAF9DB6}.Debug|Any CPU.ActiveCfg = Debug|Any CPU
		{EC8497C0-A74B-447D-BE64-00106AAF9DB6}.Debug|Any CPU.Build.0 = Debug|Any CPU
		{EC8497C0-A74B-447D-BE64-00106AAF9DB6}.Release|Any CPU.ActiveCfg = Release|Any CPU
		{EC8497C0-A74B-447D-BE64-00106AAF9DB6}.Release|Any CPU.Build.0 = Release|Any CPU
		{903BC940-4C66-443A-BA21-D94AA794EA94}.Debug|Any CPU.ActiveCfg = Debug|Any CPU
		{903BC940-4C66-443A-BA21-D94AA794EA94}.Debug|Any CPU.Build.0 = Debug|Any CPU
		{903BC940-4C66-443A-BA21-D94AA794EA94}.Release|Any CPU.ActiveCfg = Release|Any CPU
		{903BC940-4C66-443A-BA21-D94AA794EA94}.Release|Any CPU.Build.0 = Release|Any CPU
		{327AC371-1641-464B-81FC-63D001378B0F}.Debug|Any CPU.ActiveCfg = Debug|Any CPU
		{327AC371-1641-464B-81FC-63D001378B0F}.Debug|Any CPU.Build.0 = Debug|Any CPU
		{327AC371-1641-464B-81FC-63D001378B0F}.Release|Any CPU.ActiveCfg = Release|Any CPU
		{327AC371-1641-464B-81FC-63D001378B0F}.Release|Any CPU.Build.0 = Release|Any CPU
		{0AB2BFA0-C2BA-4C74-B21B-52F875EC6C2D}.Debug|Any CPU.ActiveCfg = Debug|Any CPU
		{0AB2BFA0-C2BA-4C74-B21B-52F875EC6C2D}.Debug|Any CPU.Build.0 = Debug|Any CPU
		{0AB2BFA0-C2BA-4C74-B21B-52F875EC6C2D}.Release|Any CPU.ActiveCfg = Release|Any CPU
		{0AB2BFA0-C2BA-4C74-B21B-52F875EC6C2D}.Release|Any CPU.Build.0 = Release|Any CPU
		{349DB040-DA5C-4D01-A4A3-73A027796694}.Debug|Any CPU.ActiveCfg = Debug|Any CPU
		{349DB040-DA5C-4D01-A4A3-73A027796694}.Debug|Any CPU.Build.0 = Debug|Any CPU
		{349DB040-DA5C-4D01-A4A3-73A027796694}.Release|Any CPU.ActiveCfg = Release|Any CPU
		{349DB040-DA5C-4D01-A4A3-73A027796694}.Release|Any CPU.Build.0 = Release|Any CPU
		{18B1907E-BCFA-4E55-A445-50296DB7B56E}.Debug|Any CPU.ActiveCfg = Debug|Any CPU
		{18B1907E-BCFA-4E55-A445-50296DB7B56E}.Debug|Any CPU.Build.0 = Debug|Any CPU
		{18B1907E-BCFA-4E55-A445-50296DB7B56E}.Release|Any CPU.ActiveCfg = Release|Any CPU
		{18B1907E-BCFA-4E55-A445-50296DB7B56E}.Release|Any CPU.Build.0 = Release|Any CPU
		{344BBA86-D3ED-4DB4-A507-45D461D229AC}.Debug|Any CPU.ActiveCfg = Debug|Any CPU
		{344BBA86-D3ED-4DB4-A507-45D461D229AC}.Debug|Any CPU.Build.0 = Debug|Any CPU
		{344BBA86-D3ED-4DB4-A507-45D461D229AC}.Release|Any CPU.ActiveCfg = Release|Any CPU
		{344BBA86-D3ED-4DB4-A507-45D461D229AC}.Release|Any CPU.Build.0 = Release|Any CPU
		{830DD817-2B22-4FB7-A8A0-7A9289B6F3B5}.Debug|Any CPU.ActiveCfg = Debug|Any CPU
		{830DD817-2B22-4FB7-A8A0-7A9289B6F3B5}.Debug|Any CPU.Build.0 = Debug|Any CPU
		{830DD817-2B22-4FB7-A8A0-7A9289B6F3B5}.Release|Any CPU.ActiveCfg = Release|Any CPU
		{830DD817-2B22-4FB7-A8A0-7A9289B6F3B5}.Release|Any CPU.Build.0 = Release|Any CPU
		{8B7B587D-AF0B-4CE2-93E8-B85355DAC015}.Debug|Any CPU.ActiveCfg = Debug|Any CPU
		{8B7B587D-AF0B-4CE2-93E8-B85355DAC015}.Debug|Any CPU.Build.0 = Debug|Any CPU
		{8B7B587D-AF0B-4CE2-93E8-B85355DAC015}.Release|Any CPU.ActiveCfg = Release|Any CPU
		{8B7B587D-AF0B-4CE2-93E8-B85355DAC015}.Release|Any CPU.Build.0 = Release|Any CPU
	EndGlobalSection
	GlobalSection(SolutionProperties) = preSolution
		HideSolutionNode = FALSE
	EndGlobalSection
	GlobalSection(NestedProjects) = preSolution
		{6AC84829-8698-4280-97BC-5122A9066A20} = {4C83B255-59A1-4BC5-8C40-E79CD843F38B}
		{E4451FC7-A241-405C-ABE4-D8BC0B47DD9F} = {57ADE862-CE1D-4973-A0D1-B362E1CAB5A2}
		{EB6B1503-C431-44A0-A923-D75575635A44} = {4C83B255-59A1-4BC5-8C40-E79CD843F38B}
		{EC8497C0-A74B-447D-BE64-00106AAF9DB6} = {57ADE862-CE1D-4973-A0D1-B362E1CAB5A2}
		{903BC940-4C66-443A-BA21-D94AA794EA94} = {4C83B255-59A1-4BC5-8C40-E79CD843F38B}
		{327AC371-1641-464B-81FC-63D001378B0F} = {57ADE862-CE1D-4973-A0D1-B362E1CAB5A2}
		{0AB2BFA0-C2BA-4C74-B21B-52F875EC6C2D} = {4C83B255-59A1-4BC5-8C40-E79CD843F38B}
		{349DB040-DA5C-4D01-A4A3-73A027796694} = {57ADE862-CE1D-4973-A0D1-B362E1CAB5A2}
		{18B1907E-BCFA-4E55-A445-50296DB7B56E} = {4C83B255-59A1-4BC5-8C40-E79CD843F38B}
		{344BBA86-D3ED-4DB4-A507-45D461D229AC} = {57ADE862-CE1D-4973-A0D1-B362E1CAB5A2}
		{830DD817-2B22-4FB7-A8A0-7A9289B6F3B5} = {4C83B255-59A1-4BC5-8C40-E79CD843F38B}
		{8B7B587D-AF0B-4CE2-93E8-B85355DAC015} = {57ADE862-CE1D-4973-A0D1-B362E1CAB5A2}
	EndGlobalSection
	GlobalSection(ExtensibilityGlobals) = postSolution
		SolutionGuid = {B8756568-1C46-4694-9376-03B7BB06C0C8}
	EndGlobalSection
EndGlobal
