
Microsoft Visual Studio Solution File, Format Version 12.00
# Visual Studio Version 17
VisualStudioVersion = 17.6.33829.357
MinimumVisualStudioVersion = 10.0.40219.1
Project("{2150E333-8FDC-42A3-9474-1A3956D46DE8}") = "build", "build", "{5348502E-8B8A-48FB-B735-251DF050C742}"
	ProjectSection(SolutionItems) = preProject
		build\props\Package.props = build\props\Package.props
		build\props\PackageLicense.props = build\props\PackageLicense.props
		build\props\Test.props = build\props\Test.props
	EndProjectSection
EndProject
Project("{2150E333-8FDC-42A3-9474-1A3956D46DE8}") = "src", "src", "{4C83B255-59A1-4BC5-8C40-E79CD843F38B}"
EndProject
Project("{2150E333-8FDC-42A3-9474-1A3956D46DE8}") = "test", "test", "{57ADE862-CE1D-4973-A0D1-B362E1CAB5A2}"
EndProject
Project("{9A19103F-16F7-4668-BE54-9A1E7A4F7556}") = "OneImlx.Licensing", "src\OneImlx.Licensing\OneImlx.Licensing.csproj", "{6AC84829-8698-4280-97BC-5122A9066A20}"
EndProject
Project("{9A19103F-16F7-4668-BE54-9A1E7A4F7556}") = "OneImlx.Licensing.Tests", "test\OneImlx.Licensing.Tests\OneImlx.Licensing.Tests.csproj", "{E4451FC7-A241-405C-ABE4-D8BC0B47DD9F}"
EndProject
Project("{9A19103F-16F7-4668-BE54-9A1E7A4F7556}") = "OneImlx", "src\OneImlx\OneImlx.csproj", "{EB6B1503-C431-44A0-A923-D75575635A44}"
EndProject
Project("{9A19103F-16F7-4668-BE54-9A1E7A4F7556}") = "OneImlx.Tests", "test\OneImlx.Tests\OneImlx.Tests.csproj", "{EC8497C0-A74B-447D-BE64-00106AAF9DB6}"
EndProject
Project("{9A19103F-16F7-4668-BE54-9A1E7A4F7556}") = "OneImlx.Iam", "src\OneImlx.Iam\OneImlx.Iam.csproj", "{903BC940-4C66-443A-BA21-D94AA794EA94}"
EndProject
Project("{9A19103F-16F7-4668-BE54-9A1E7A4F7556}") = "OneImlx.Iam.Tests", "test\OneImlx.Iam.Tests\OneImlx.Iam.Tests.csproj", "{327AC371-1641-464B-81FC-63D001378B0F}"
EndProject
Project("{2150E333-8FDC-42A3-9474-1A3956D46DE8}") = "docs", "docs", "{CA82F789-3735-4292-8563-6A2B052879F2}"
	ProjectSection(SolutionItems) = preProject
		docs\iam.md = docs\iam.md
		docs\licensing.md = docs\licensing.md
		docs\oneimlx.md = docs\oneimlx.md
	EndProjectSection
EndProject
Project("{FAE04EC0-301F-11D3-BF4B-00C04F79EFBC}") = "OneImlx.Sessions", "src\OneImlx.Sessions\OneImlx.Sessions.csproj", "{4B1B237E-44F2-4FB7-84A9-BCE92B88557E}"
EndProject
Global
	GlobalSection(SolutionConfigurationPlatforms) = preSolution
		Debug|Any CPU = Debug|Any CPU
		Release|Any CPU = Release|Any CPU
	EndGlobalSection
	GlobalSection(ProjectConfigurationPlatforms) = postSolution
		{6AC84829-8698-4280-97BC-5122A9066A20}.Debug|Any CPU.ActiveCfg = Debug|Any CPU
		{6AC84829-8698-4280-97BC-5122A9066A20}.Debug|Any CPU.Build.0 = Debug|Any CPU
		{6AC84829-8698-4280-97BC-5122A9066A20}.Release|Any CPU.ActiveCfg = Release|Any CPU
		{6AC84829-8698-4280-97BC-5122A9066A20}.Release|Any CPU.Build.0 = Release|Any CPU
		{E4451FC7-A241-405C-ABE4-D8BC0B47DD9F}.Debug|Any CPU.ActiveCfg = Debug|Any CPU
		{E4451FC7-A241-405C-ABE4-D8BC0B47DD9F}.Debug|Any CPU.Build.0 = Debug|Any CPU
		{E4451FC7-A241-405C-ABE4-D8BC0B47DD9F}.Release|Any CPU.ActiveCfg = Release|Any CPU
		{E4451FC7-A241-405C-ABE4-D8BC0B47DD9F}.Release|Any CPU.Build.0 = Release|Any CPU
		{EB6B1503-C431-44A0-A923-D75575635A44}.Debug|Any CPU.ActiveCfg = Debug|Any CPU
		{EB6B1503-C431-44A0-A923-D75575635A44}.Debug|Any CPU.Build.0 = Debug|Any CPU
		{EB6B1503-C431-44A0-A923-D75575635A44}.Release|Any CPU.ActiveCfg = Release|Any CPU
		{EB6B1503-C431-44A0-A923-D75575635A44}.Release|Any CPU.Build.0 = Release|Any CPU
		{EC8497C0-A74B-447D-BE64-00106AAF9DB6}.Debug|Any CPU.ActiveCfg = Debug|Any CPU
		{EC8497C0-A74B-447D-BE64-00106AAF9DB6}.Debug|Any CPU.Build.0 = Debug|Any CPU
		{EC8497C0-A74B-447D-BE64-00106AAF9DB6}.Release|Any CPU.ActiveCfg = Release|Any CPU
		{EC8497C0-A74B-447D-BE64-00106AAF9DB6}.Release|Any CPU.Build.0 = Release|Any CPU
		{903BC940-4C66-443A-BA21-D94AA794EA94}.Debug|Any CPU.ActiveCfg = Debug|Any CPU
		{903BC940-4C66-443A-BA21-D94AA794EA94}.Debug|Any CPU.Build.0 = Debug|Any CPU
		{903BC940-4C66-443A-BA21-D94AA794EA94}.Release|Any CPU.ActiveCfg = Release|Any CPU
		{903BC940-4C66-443A-BA21-D94AA794EA94}.Release|Any CPU.Build.0 = Release|Any CPU
		{327AC371-1641-464B-81FC-63D001378B0F}.Debug|Any CPU.ActiveCfg = Debug|Any CPU
		{327AC371-1641-464B-81FC-63D001378B0F}.Debug|Any CPU.Build.0 = Debug|Any CPU
		{327AC371-1641-464B-81FC-63D001378B0F}.Release|Any CPU.ActiveCfg = Release|Any CPU
		{327AC371-1641-464B-81FC-63D001378B0F}.Release|Any CPU.Build.0 = Release|Any CPU
		{4B1B237E-44F2-4FB7-84A9-BCE92B88557E}.Debug|Any CPU.ActiveCfg = Debug|Any CPU
		{4B1B237E-44F2-4FB7-84A9-BCE92B88557E}.Debug|Any CPU.Build.0 = Debug|Any CPU
		{4B1B237E-44F2-4FB7-84A9-BCE92B88557E}.Release|Any CPU.ActiveCfg = Release|Any CPU
		{4B1B237E-44F2-4FB7-84A9-BCE92B88557E}.Release|Any CPU.Build.0 = Release|Any CPU
	EndGlobalSection
	GlobalSection(SolutionProperties) = preSolution
		HideSolutionNode = FALSE
	EndGlobalSection
	GlobalSection(NestedProjects) = preSolution
		{6AC84829-8698-4280-97BC-5122A9066A20} = {4C83B255-59A1-4BC5-8C40-E79CD843F38B}
		{E4451FC7-A241-405C-ABE4-D8BC0B47DD9F} = {57ADE862-CE1D-4973-A0D1-B362E1CAB5A2}
		{EB6B1503-C431-44A0-A923-D75575635A44} = {4C83B255-59A1-4BC5-8C40-E79CD843F38B}
		{EC8497C0-A74B-447D-BE64-00106AAF9DB6} = {57ADE862-CE1D-4973-A0D1-B362E1CAB5A2}
		{903BC940-4C66-443A-BA21-D94AA794EA94} = {4C83B255-59A1-4BC5-8C40-E79CD843F38B}
		{327AC371-1641-464B-81FC-63D001378B0F} = {57ADE862-CE1D-4973-A0D1-B362E1CAB5A2}
		{4B1B237E-44F2-4FB7-84A9-BCE92B88557E} = {4C83B255-59A1-4BC5-8C40-E79CD843F38B}
	EndGlobalSection
	GlobalSection(ExtensibilityGlobals) = postSolution
		SolutionGuid = {B8756568-1C46-4694-9376-03B7BB06C0C8}
	EndGlobalSection
EndGlobal
